
Microsoft Visual Studio Solution File, Format Version 12.00
# Visual Studio Version 16
VisualStudioVersion = 16.0.31112.23
MinimumVisualStudioVersion = 10.0.40219.1
Project("{FAE04EC0-301F-11D3-BF4B-00C04F79EFBC}") = "MemoryGame", "MemoryGame\MemoryGame.csproj", "{FD8F5BB1-242C-4410-80F8-4F1D5561CDFC}"
EndProject
Global
	GlobalSection(SolutionConfigurationPlatforms) = preSolution
		Debug|Any CPU = Debug|Any CPU
		Release|Any CPU = Release|Any CPU
	EndGlobalSection
	GlobalSection(ProjectConfigurationPlatforms) = postSolution
		{FD8F5BB1-242C-4410-80F8-4F1D5561CDFC}.Debug|Any CPU.ActiveCfg = Debug|Any CPU
		{FD8F5BB1-242C-4410-80F8-4F1D5561CDFC}.Debug|Any CPU.Build.0 = Debug|Any CPU
		{FD8F5BB1-242C-4410-80F8-4F1D5561CDFC}.Release|Any CPU.ActiveCfg = Release|Any CPU
		{FD8F5BB1-242C-4410-80F8-4F1D5561CDFC}.Release|Any CPU.Build.0 = Release|Any CPU
	EndGlobalSection
	GlobalSection(SolutionProperties) = preSolution
		HideSolutionNode = FALSE
	EndGlobalSection
	GlobalSection(ExtensibilityGlobals) = postSolution
		SolutionGuid = {FAC1155E-60BD-4B3C-B72D-EC29AAA15BB8}
	EndGlobalSection
EndGlobal
